
Microsoft Visual Studio Solution File, Format Version 12.00
# Visual Studio Version 16
VisualStudioVersion = 16.0.30330.147
MinimumVisualStudioVersion = 10.0.40219.1
Project("{FAE04EC0-301F-11D3-BF4B-00C04F79EFBC}") = "TUP_PI_Recu_Viajes", "TUP_PI_Recu_Viajes.csproj", "{61A7B844-D1E6-4B42-9EBA-A27ED23EFB25}"
EndProject
Global
	GlobalSection(SolutionConfigurationPlatforms) = preSolution
		Debug|Any CPU = Debug|Any CPU
		Release|Any CPU = Release|Any CPU
	EndGlobalSection
	GlobalSection(ProjectConfigurationPlatforms) = postSolution
		{61A7B844-D1E6-4B42-9EBA-A27ED23EFB25}.Debug|Any CPU.ActiveCfg = Debug|Any CPU
		{61A7B844-D1E6-4B42-9EBA-A27ED23EFB25}.Debug|Any CPU.Build.0 = Debug|Any CPU
		{61A7B844-D1E6-4B42-9EBA-A27ED23EFB25}.Release|Any CPU.ActiveCfg = Release|Any CPU
		{61A7B844-D1E6-4B42-9EBA-A27ED23EFB25}.Release|Any CPU.Build.0 = Release|Any CPU
	EndGlobalSection
	GlobalSection(SolutionProperties) = preSolution
		HideSolutionNode = FALSE
	EndGlobalSection
	GlobalSection(ExtensibilityGlobals) = postSolution
		SolutionGuid = {8E1B8BE0-0C03-4647-BE60-DFCE318338A5}
	EndGlobalSection
EndGlobal
